
Microsoft Visual Studio Solution File, Format Version 12.00
# Visual Studio Version 17
VisualStudioVersion = 17.0.31611.283
MinimumVisualStudioVersion = 10.0.40219.1
Project("{9A19103F-16F7-4668-BE54-9A1E7A4F7556}") = "Core", "Core\Core.csproj", "{2413FFE0-64B1-45EC-B088-EBDAAC85B312}"
EndProject
Project("{9A19103F-16F7-4668-BE54-9A1E7A4F7556}") = "Test", "Test\Test.csproj", "{3BE53622-2057-4184-A6D7-6A981DA75DDD}"
EndProject
Project("{9A19103F-16F7-4668-BE54-9A1E7A4F7556}") = "SyncItunesToPlexConsole", "SyncItunesToPlexConsole\SyncItunesToPlexConsole.csproj", "{E1C7E951-18D0-4489-9657-9CF165A597FB}"
EndProject
Global
	GlobalSection(SolutionConfigurationPlatforms) = preSolution
		Debug|Any CPU = Debug|Any CPU
		Release|Any CPU = Release|Any CPU
	EndGlobalSection
	GlobalSection(ProjectConfigurationPlatforms) = postSolution
		{2413FFE0-64B1-45EC-B088-EBDAAC85B312}.Debug|Any CPU.ActiveCfg = Debug|Any CPU
		{2413FFE0-64B1-45EC-B088-EBDAAC85B312}.Debug|Any CPU.Build.0 = Debug|Any CPU
		{2413FFE0-64B1-45EC-B088-EBDAAC85B312}.Release|Any CPU.ActiveCfg = Release|Any CPU
		{2413FFE0-64B1-45EC-B088-EBDAAC85B312}.Release|Any CPU.Build.0 = Release|Any CPU
		{3BE53622-2057-4184-A6D7-6A981DA75DDD}.Debug|Any CPU.ActiveCfg = Debug|Any CPU
		{3BE53622-2057-4184-A6D7-6A981DA75DDD}.Debug|Any CPU.Build.0 = Debug|Any CPU
		{3BE53622-2057-4184-A6D7-6A981DA75DDD}.Release|Any CPU.ActiveCfg = Release|Any CPU
		{3BE53622-2057-4184-A6D7-6A981DA75DDD}.Release|Any CPU.Build.0 = Release|Any CPU
		{E1C7E951-18D0-4489-9657-9CF165A597FB}.Debug|Any CPU.ActiveCfg = Debug|Any CPU
		{E1C7E951-18D0-4489-9657-9CF165A597FB}.Debug|Any CPU.Build.0 = Debug|Any CPU
		{E1C7E951-18D0-4489-9657-9CF165A597FB}.Release|Any CPU.ActiveCfg = Release|Any CPU
		{E1C7E951-18D0-4489-9657-9CF165A597FB}.Release|Any CPU.Build.0 = Release|Any CPU
	EndGlobalSection
	GlobalSection(SolutionProperties) = preSolution
		HideSolutionNode = FALSE
	EndGlobalSection
	GlobalSection(ExtensibilityGlobals) = postSolution
		SolutionGuid = {61F7FB11-1E47-470C-91E2-47F8143E1572}
	EndGlobalSection
EndGlobal
